# THIS IS AN AUTOGENERATED FILE. DO NOT EDIT THIS FILE DIRECTLY.
# yarn lockfile v1


jstz@^2.1.1:
  version "2.1.1"
  resolved "https://registry.yarnpkg.com/jstz/-/jstz-2.1.1.tgz#fff3373a518fa7cce69299930466f5a2b980389d"
  integrity sha512-8hfl5RD6P7rEeIbzStBz3h4f+BQHfq/ABtoU6gXKQv5OcZhnmrIpG7e1pYaZ8hS9e0mp+bxUj08fnDUbKctYyA==
